PODS:
  - Bolts/Tasks (1.7.0)
  - Crashlytics (3.7.0):
    - Fabric (~> 1.6.3)
  - DateTools (1.7.0)
  - Fabric (1.6.7)
  - ObjectMapper (1.3.0)
  - Parse (1.13.0):
    - Bolts/Tasks (~> 1.6)
  - SwiftyStoreKit (0.2.10)

DEPENDENCIES:
  - Crashlytics
  - DateTools (~> 1.7)
  - Fabric
  - ObjectMapper (~> 1.2)
  - Parse
  - SwiftyStoreKit

SPEC CHECKSUMS:
  Bolts: a0058fa3b331c5a1e4402d534f2dae36dbff31e4
  Crashlytics: c3a2333dea9e2733d2777f730910321fc9e25c0d
  DateTools: 53288ee8b905fdc75897a1e6b5cc0144b14cba60
  Fabric: caf7580c725e64db144f610ac65cd60956911dc7
  ObjectMapper: 4eb08a726e9791a93b2632049951b56a7c17e471
  Parse: f51c24d2feb412e4b2d6cc73d37cb24e8d0089bc
  SwiftyStoreKit: 7d129a07cb26ebaeecfafd3ae06d07286d200d9e

PODFILE CHECKSUM: ac2192345a6e6d86a69a3bfc27bbd2cbc22bd951

COCOAPODS: 1.0.1
